
Microsoft Visual Studio Solution File, Format Version 12.00
# Visual Studio Version 17
VisualStudioVersion = 17.14.36310.24 d17.14
MinimumVisualStudioVersion = 10.0.40219.1
Project("{FAE04EC0-301F-11D3-BF4B-00C04F79EFBC}") = "BIBLIOTECA3", "BIBLIOTECA3.csproj", "{B360EDB5-D8E1-40F0-AF54-9AF8C0A67691}"
EndProject
Global
	GlobalSection(SolutionConfigurationPlatforms) = preSolution
		Debug|Any CPU = Debug|Any CPU
		Release|Any CPU = Release|Any CPU
	EndGlobalSection
	GlobalSection(ProjectConfigurationPlatforms) = postSolution
		{B360EDB5-D8E1-40F0-AF54-9AF8C0A67691}.Debug|Any CPU.ActiveCfg = Debug|Any CPU
		{B360EDB5-D8E1-40F0-AF54-9AF8C0A67691}.Debug|Any CPU.Build.0 = Debug|Any CPU
		{B360EDB5-D8E1-40F0-AF54-9AF8C0A67691}.Release|Any CPU.ActiveCfg = Release|Any CPU
		{B360EDB5-D8E1-40F0-AF54-9AF8C0A67691}.Release|Any CPU.Build.0 = Release|Any CPU
	EndGlobalSection
	GlobalSection(SolutionProperties) = preSolution
		HideSolutionNode = FALSE
	EndGlobalSection
	GlobalSection(ExtensibilityGlobals) = postSolution
		SolutionGuid = {675849D1-FB0C-4C56-87E3-39EEBF27282E}
	EndGlobalSection
EndGlobal
